// !$*UTF8*$!
{
	archiveVersion = 1;
	classes = {
	};
	objectVersion = 48;
	objects = {

/* Begin PBXBuildFile section */
		E72999EA202A565300CC1D61 /* MoreCollectionViewController.swift in Sources */ = {isa = PBXBuildFile; fileRef = E72999E9202A565300CC1D61 /* MoreCollectionViewController.swift */; };
		E72999EC202A567100CC1D61 /* MoreCollectionViewCell.swift in Sources */ = {isa = PBXBuildFile; fileRef = E72999EB202A567100CC1D61 /* MoreCollectionViewCell.swift */; };
		E72999EE202A59C200CC1D61 /* MoreCollectionViewController + DelegateFlowLayout.swift in Sources */ = {isa = PBXBuildFile; fileRef = E72999ED202A59C200CC1D61 /* MoreCollectionViewController + DelegateFlowLayout.swift */; };
		E72999F0202A66B100CC1D61 /* Categories.swift in Sources */ = {isa = PBXBuildFile; fileRef = E72999EF202A66B100CC1D61 /* Categories.swift */; };
		E741BBF0202908E100279E93 /* TabBarController.swift in Sources */ = {isa = PBXBuildFile; fileRef = E741BBEF202908E100279E93 /* TabBarController.swift */; };
		E741BBF32029095800279E93 /* BookmarksViewController.swift in Sources */ = {isa = PBXBuildFile; fileRef = E741BBF22029095800279E93 /* BookmarksViewController.swift */; };
		E741BBF62029097E00279E93 /* BookmarksFirstCell.swift in Sources */ = {isa = PBXBuildFile; fileRef = E741BBF52029097E00279E93 /* BookmarksFirstCell.swift */; };
		E7584930202BA67700002C81 /* FeaturedTableViewController.swift in Sources */ = {isa = PBXBuildFile; fileRef = E758492F202BA67700002C81 /* FeaturedTableViewController.swift */; };
		E7584933202BA78800002C81 /* FeaturedTableViewController + DataSource.swift in Sources */ = {isa = PBXBuildFile; fileRef = E7584932202BA78800002C81 /* FeaturedTableViewController + DataSource.swift */; };
		E7584937202BA84700002C81 /* FeaturedTableCollectionViewCell.swift in Sources */ = {isa = PBXBuildFile; fileRef = E7584936202BA84700002C81 /* FeaturedTableCollectionViewCell.swift */; };
		E758493D202CD84600002C81 /* BaseTableViewCell.swift in Sources */ = {isa = PBXBuildFile; fileRef = E758493C202CD84600002C81 /* BaseTableViewCell.swift */; };
		E7F449982022630100061E52 /* AppDelegate.swift in Sources */ = {isa = PBXBuildFile; fileRef = E7F449972022630100061E52 /* AppDelegate.swift */; };
		E7F4499A2022630100061E52 /* RootViewController.swift in Sources */ = {isa = PBXBuildFile; fileRef = E7F449992022630100061E52 /* RootViewController.swift */; };
		E7F449A22022630100061E52 /* Assets.xcassets in Resources */ = {isa = PBXBuildFile; fileRef = E7F449A12022630100061E52 /* Assets.xcassets */; };
		E7F449A52022630100061E52 /* LaunchScreen.storyboard in Resources */ = {isa = PBXBuildFile; fileRef = E7F449A32022630100061E52 /* LaunchScreen.storyboard */; };
		E7F449AD2022635C00061E52 /* Extensions.swift in Sources */ = {isa = PBXBuildFile; fileRef = E7F449AC2022635C00061E52 /* Extensions.swift */; };
		E7F449AF2022649400061E52 /* RootFirstCell.swift in Sources */ = {isa = PBXBuildFile; fileRef = E7F449AE2022649400061E52 /* RootFirstCell.swift */; };
		E7F449B1202264C100061E52 /* Header.swift in Sources */ = {isa = PBXBuildFile; fileRef = E7F449B0202264C100061E52 /* Header.swift */; };
		E7F449B620226A1600061E52 /* Info.plist in Resources */ = {isa = PBXBuildFile; fileRef = E7F449A62022630100061E52 /* Info.plist */; };
		E7F449BF20276D1100061E52 /* Post.swift in Sources */ = {isa = PBXBuildFile; fileRef = E7F449BE20276D1100061E52 /* Post.swift */; };
		E7F449C12027721800061E52 /* RootViewController + DataSource.swift in Sources */ = {isa = PBXBuildFile; fileRef = E7F449C02027721800061E52 /* RootViewController + DataSource.swift */; };
/* End PBXBuildFile section */

/* Begin PBXFileReference section */
		E72999E9202A565300CC1D61 /* MoreCollectionViewController.swift */ = {isa = PBXFileReference; lastKnownFileType = sourcecode.swift; path = MoreCollectionViewController.swift; sourceTree = "<group>"; };
		E72999EB202A567100CC1D61 /* MoreCollectionViewCell.swift */ = {isa = PBXFileReference; lastKnownFileType = sourcecode.swift; path = MoreCollectionViewCell.swift; sourceTree = "<group>"; };
		E72999ED202A59C200CC1D61 /* MoreCollectionViewController + DelegateFlowLayout.swift */ = {isa = PBXFileReference; lastKnownFileType = sourcecode.swift; path = "MoreCollectionViewController + DelegateFlowLayout.swift"; sourceTree = "<group>"; };
		E72999EF202A66B100CC1D61 /* Categories.swift */ = {isa = PBXFileReference; lastKnownFileType = sourcecode.swift; path = Categories.swift; sourceTree = "<group>"; };
		E741BBEF202908E100279E93 /* TabBarController.swift */ = {isa = PBXFileReference; lastKnownFileType = sourcecode.swift; path = TabBarController.swift; sourceTree = "<group>"; };
		E741BBF22029095800279E93 /* BookmarksViewController.swift */ = {isa = PBXFileReference; fileEncoding = 4; lastKnownFileType = sourcecode.swift; path = BookmarksViewController.swift; sourceTree = "<group>"; };
		E741BBF52029097E00279E93 /* BookmarksFirstCell.swift */ = {isa = PBXFileReference; fileEncoding = 4; lastKnownFileType = sourcecode.swift; path = BookmarksFirstCell.swift; sourceTree = "<group>"; };
		E758492F202BA67700002C81 /* FeaturedTableViewController.swift */ = {isa = PBXFileReference; lastKnownFileType = sourcecode.swift; path = FeaturedTableViewController.swift; sourceTree = "<group>"; };
		E7584932202BA78800002C81 /* FeaturedTableViewController + DataSource.swift */ = {isa = PBXFileReference; lastKnownFileType = sourcecode.swift; path = "FeaturedTableViewController + DataSource.swift"; sourceTree = "<group>"; };
		E7584936202BA84700002C81 /* FeaturedTableCollectionViewCell.swift */ = {isa = PBXFileReference; lastKnownFileType = sourcecode.swift; path = FeaturedTableCollectionViewCell.swift; sourceTree = "<group>"; };
		E758493C202CD84600002C81 /* BaseTableViewCell.swift */ = {isa = PBXFileReference; lastKnownFileType = sourcecode.swift; path = BaseTableViewCell.swift; sourceTree = "<group>"; };
		E7F449942022630100061E52 /* WordPressApp.app */ = {isa = PBXFileReference; explicitFileType = wrapper.application; includeInIndex = 0; path = WordPressApp.app; sourceTree = BUILT_PRODUCTS_DIR; };
		E7F449972022630100061E52 /* AppDelegate.swift */ = {isa = PBXFileReference; lastKnownFileType = sourcecode.swift; path = AppDelegate.swift; sourceTree = "<group>"; };
		E7F449992022630100061E52 /* RootViewController.swift */ = {isa = PBXFileReference; lastKnownFileType = sourcecode.swift; path = RootViewController.swift; sourceTree = "<group>"; };
		E7F449A12022630100061E52 /* Assets.xcassets */ = {isa = PBXFileReference; lastKnownFileType = folder.assetcatalog; path = Assets.xcassets; sourceTree = "<group>"; };
		E7F449A42022630100061E52 /* Base */ = {isa = PBXFileReference; lastKnownFileType = file.storyboard; name = Base; path = Base.lproj/LaunchScreen.storyboard; sourceTree = "<group>"; };
		E7F449A62022630100061E52 /* Info.plist */ = {isa = PBXFileReference; lastKnownFileType = text.plist.xml; path = Info.plist; sourceTree = "<group>"; };
		E7F449AC2022635C00061E52 /* Extensions.swift */ = {isa = PBXFileReference; lastKnownFileType = sourcecode.swift; path = Extensions.swift; sourceTree = "<group>"; };
		E7F449AE2022649400061E52 /* RootFirstCell.swift */ = {isa = PBXFileReference; fileEncoding = 4; lastKnownFileType = sourcecode.swift; path = RootFirstCell.swift; sourceTree = "<group>"; };
		E7F449B0202264C100061E52 /* Header.swift */ = {isa = PBXFileReference; fileEncoding = 4; lastKnownFileType = sourcecode.swift; path = Header.swift; sourceTree = "<group>"; };
		E7F449BE20276D1100061E52 /* Post.swift */ = {isa = PBXFileReference; lastKnownFileType = sourcecode.swift; path = Post.swift; sourceTree = "<group>"; };
		E7F449C02027721800061E52 /* RootViewController + DataSource.swift */ = {isa = PBXFileReference; lastKnownFileType = sourcecode.swift; path = "RootViewController + DataSource.swift"; sourceTree = "<group>"; };
/* End PBXFileReference section */

/* Begin PBXFrameworksBuildPhase section */
		E7F449912022630100061E52 /* Frameworks */ = {
			isa = PBXFrameworksBuildPhase;
			buildActionMask = 2147483647;
			files = (
			);
			runOnlyForDeploymentPostprocessing = 0;
		};
/* End PBXFrameworksBuildPhase section */

/* Begin PBXGroup section */
		E72999E8202A559500CC1D61 /* MoreCollectionViewController */ = {
			isa = PBXGroup;
			children = (
				E72999E9202A565300CC1D61 /* MoreCollectionViewController.swift */,
				E72999ED202A59C200CC1D61 /* MoreCollectionViewController + DelegateFlowLayout.swift */,
				E72999EB202A567100CC1D61 /* MoreCollectionViewCell.swift */,
			);
			path = MoreCollectionViewController;
			sourceTree = "<group>";
		};
		E741BBF1202908EF00279E93 /* TabBarController */ = {
			isa = PBXGroup;
			children = (
				E741BBEF202908E100279E93 /* TabBarController.swift */,
			);
			path = TabBarController;
			sourceTree = "<group>";
		};
		E741BBF42029095D00279E93 /* BookmarksViewController */ = {
			isa = PBXGroup;
			children = (
				E741BBF22029095800279E93 /* BookmarksViewController.swift */,
				E741BBF52029097E00279E93 /* BookmarksFirstCell.swift */,
			);
			path = BookmarksViewController;
			sourceTree = "<group>";
		};
		E7584931202BA67C00002C81 /* FeaturedTableViewController */ = {
			isa = PBXGroup;
			children = (
				E758492F202BA67700002C81 /* FeaturedTableViewController.swift */,
				E7584932202BA78800002C81 /* FeaturedTableViewController + DataSource.swift */,
				E7584936202BA84700002C81 /* FeaturedTableCollectionViewCell.swift */,
				E758493C202CD84600002C81 /* BaseTableViewCell.swift */,
			);
			path = FeaturedTableViewController;
			sourceTree = "<group>";
		};
		E7F4498B2022630100061E52 = {
			isa = PBXGroup;
			children = (
				E7F449962022630100061E52 /* WordPressApp */,
				E7F449952022630100061E52 /* Products */,
			);
			sourceTree = "<group>";
		};
		E7F449952022630100061E52 /* Products */ = {
			isa = PBXGroup;
			children = (
				E7F449942022630100061E52 /* WordPressApp.app */,
			);
			name = Products;
			sourceTree = "<group>";
		};
		E7F449962022630100061E52 /* WordPressApp */ = {
			isa = PBXGroup;
			children = (
				E7F449C22027729700061E52 /* Model */,
				E7F449BB2022804800061E52 /* View */,
				E7F449B32022662F00061E52 /* Controllers */,
				E7F449B42022663E00061E52 /* Supporting Files */,
			);
			path = WordPressApp;
			sourceTree = "<group>";
		};
		E7F449B22022661500061E52 /* RootViewController */ = {
			isa = PBXGroup;
			children = (
				E7F449992022630100061E52 /* RootViewController.swift */,
				E7F449C02027721800061E52 /* RootViewController + DataSource.swift */,
				E7F449AE2022649400061E52 /* RootFirstCell.swift */,
				E7F449B0202264C100061E52 /* Header.swift */,
			);
			path = RootViewController;
			sourceTree = "<group>";
		};
		E7F449B32022662F00061E52 /* Controllers */ = {
			isa = PBXGroup;
			children = (
				E741BBF1202908EF00279E93 /* TabBarController */,
				E7584931202BA67C00002C81 /* FeaturedTableViewController */,
				E7F449B22022661500061E52 /* RootViewController */,
				E741BBF42029095D00279E93 /* BookmarksViewController */,
				E72999E8202A559500CC1D61 /* MoreCollectionViewController */,
			);
			path = Controllers;
			sourceTree = "<group>";
		};
		E7F449B42022663E00061E52 /* Supporting Files */ = {
			isa = PBXGroup;
			children = (
				E7F449A12022630100061E52 /* Assets.xcassets */,
				E7F449A32022630100061E52 /* LaunchScreen.storyboard */,
				E7F449972022630100061E52 /* AppDelegate.swift */,
				E7F449AC2022635C00061E52 /* Extensions.swift */,
				E7F449A62022630100061E52 /* Info.plist */,
			);
			path = "Supporting Files";
			sourceTree = "<group>";
		};
		E7F449BB2022804800061E52 /* View */ = {
			isa = PBXGroup;
			children = (
			);
			path = View;
			sourceTree = "<group>";
		};
		E7F449C22027729700061E52 /* Model */ = {
			isa = PBXGroup;
			children = (
				E7F449BE20276D1100061E52 /* Post.swift */,
				E72999EF202A66B100CC1D61 /* Categories.swift */,
			);
			path = Model;
			sourceTree = "<group>";
		};
/* End PBXGroup section */

/* Begin PBXNativeTarget section */
		E7F449932022630100061E52 /* WordPressApp */ = {
			isa = PBXNativeTarget;
			buildConfigurationList = E7F449A92022630100061E52 /* Build configuration list for PBXNativeTarget "WordPressApp" */;
			buildPhases = (
				E7F449902022630100061E52 /* Sources */,
				E7F449912022630100061E52 /* Frameworks */,
				E7F449922022630100061E52 /* Resources */,
			);
			buildRules = (
			);
			dependencies = (
			);
			name = WordPressApp;
			productName = WordPressApp;
			productReference = E7F449942022630100061E52 /* WordPressApp.app */;
			productType = "com.apple.product-type.application";
		};
/* End PBXNativeTarget section */

/* Begin PBXProject section */
		E7F4498C2022630100061E52 /* Project object */ = {
			isa = PBXProject;
			attributes = {
				LastSwiftUpdateCheck = 0920;
				LastUpgradeCheck = 0920;
				ORGANIZATIONNAME = "Steven Taglohner";
				TargetAttributes = {
					E7F449932022630100061E52 = {
						CreatedOnToolsVersion = 9.2;
						ProvisioningStyle = Automatic;
					};
				};
			};
			buildConfigurationList = E7F4498F2022630100061E52 /* Build configuration list for PBXProject "WordPressApp" */;
			compatibilityVersion = "Xcode 8.0";
			developmentRegion = en;
			hasScannedForEncodings = 0;
			knownRegions = (
				en,
				Base,
			);
			mainGroup = E7F4498B2022630100061E52;
			productRefGroup = E7F449952022630100061E52 /* Products */;
			projectDirPath = "";
			projectRoot = "";
			targets = (
				E7F449932022630100061E52 /* WordPressApp */,
			);
		};
/* End PBXProject section */

/* Begin PBXResourcesBuildPhase section */
		E7F449922022630100061E52 /* Resources */ = {
			isa = PBXResourcesBuildPhase;
			buildActionMask = 2147483647;
			files = (
				E7F449A52022630100061E52 /* LaunchScreen.storyboard in Resources */,
				E7F449A22022630100061E52 /* Assets.xcassets in Resources */,
				E7F449B620226A1600061E52 /* Info.plist in Resources */,
			);
			runOnlyForDeploymentPostprocessing = 0;
		};
/* End PBXResourcesBuildPhase section */

/* Begin PBXSourcesBuildPhase section */
		E7F449902022630100061E52 /* Sources */ = {
			isa = PBXSourcesBuildPhase;
			buildActionMask = 2147483647;
			files = (
				E7584933202BA78800002C81 /* FeaturedTableViewController + DataSource.swift in Sources */,
				E741BBF32029095800279E93 /* BookmarksViewController.swift in Sources */,
				E72999F0202A66B100CC1D61 /* Categories.swift in Sources */,
				E758493D202CD84600002C81 /* BaseTableViewCell.swift in Sources */,
				E7F4499A2022630100061E52 /* RootViewController.swift in Sources */,
				E741BBF0202908E100279E93 /* TabBarController.swift in Sources */,
				E7584930202BA67700002C81 /* FeaturedTableViewController.swift in Sources */,
				E7F449982022630100061E52 /* AppDelegate.swift in Sources */,
				E7F449AD2022635C00061E52 /* Extensions.swift in Sources */,
				E72999EC202A567100CC1D61 /* MoreCollectionViewCell.swift in Sources */,
				E7F449C12027721800061E52 /* RootViewController + DataSource.swift in Sources */,
				E72999EE202A59C200CC1D61 /* MoreCollectionViewController + DelegateFlowLayout.swift in Sources */,
				E7F449BF20276D1100061E52 /* Post.swift in Sources */,
				E7F449B1202264C100061E52 /* Header.swift in Sources */,
				E741BBF62029097E00279E93 /* BookmarksFirstCell.swift in Sources */,
				E72999EA202A565300CC1D61 /* MoreCollectionViewController.swift in Sources */,
				E7F449AF2022649400061E52 /* RootFirstCell.swift in Sources */,
				E7584937202BA84700002C81 /* FeaturedTableCollectionViewCell.swift in Sources */,
			);
			runOnlyForDeploymentPostprocessing = 0;
		};
/* End PBXSourcesBuildPhase section */

/* Begin PBXVariantGroup section */
		E7F449A32022630100061E52 /* LaunchScreen.storyboard */ = {
			isa = PBXVariantGroup;
			children = (
				E7F449A42022630100061E52 /* Base */,
			);
			name = LaunchScreen.storyboard;
			sourceTree = "<group>";
		};
/* End PBXVariantGroup section */

/* Begin XCBuildConfiguration section */
		E7F449A72022630100061E52 /* Debug */ = {
			isa = XCBuildConfiguration;
			buildSettings = {
				ALWAYS_SEARCH_USER_PATHS = NO;
				CLANG_ANALYZER_NONNULL = YES;
				CLANG_ANALYZER_NUMBER_OBJECT_CONVERSION = YES_AGGRESSIVE;
				CLANG_CXX_LANGUAGE_STANDARD = "gnu++14";
				CLANG_CXX_LIBRARY = "libc++";
				CLANG_ENABLE_MODULES = YES;
				CLANG_ENABLE_OBJC_ARC = YES;
				CLANG_WARN_BLOCK_CAPTURE_AUTORELEASING = YES;
				CLANG_WARN_BOOL_CONVERSION = YES;
				CLANG_WARN_COMMA = YES;
				CLANG_WARN_CONSTANT_CONVERSION = YES;
				CLANG_WARN_DIRECT_OBJC_ISA_USAGE = YES_ERROR;
				CLANG_WARN_DOCUMENTATION_COMMENTS = YES;
				CLANG_WARN_EMPTY_BODY = YES;
				CLANG_WARN_ENUM_CONVERSION = YES;
				CLANG_WARN_INFINITE_RECURSION = YES;
				CLANG_WARN_INT_CONVERSION = YES;
				CLANG_WARN_NON_LITERAL_NULL_CONVERSION = YES;
				CLANG_WARN_OBJC_LITERAL_CONVERSION = YES;
				CLANG_WARN_OBJC_ROOT_CLASS = YES_ERROR;
				CLANG_WARN_RANGE_LOOP_ANALYSIS = YES;
				CLANG_WARN_STRICT_PROTOTYPES = YES;
				CLANG_WARN_SUSPICIOUS_MOVE = YES;
				CLANG_WARN_UNGUARDED_AVAILABILITY = YES_AGGRESSIVE;
				CLANG_WARN_UNREACHABLE_CODE = YES;
				CLANG_WARN__DUPLICATE_METHOD_MATCH = YES;
				CODE_SIGN_IDENTITY = "iPhone Developer";
				COPY_PHASE_STRIP = NO;
				DEBUG_INFORMATION_FORMAT = dwarf;
				ENABLE_STRICT_OBJC_MSGSEND = YES;
				ENABLE_TESTABILITY = YES;
				GCC_C_LANGUAGE_STANDARD = gnu11;
				GCC_DYNAMIC_NO_PIC = NO;
				GCC_NO_COMMON_BLOCKS = YES;
				GCC_OPTIMIZATION_LEVEL = 0;
				GCC_PREPROCESSOR_DEFINITIONS = (
					"DEBUG=1",
					"$(inherited)",
				);
				GCC_WARN_64_TO_32_BIT_CONVERSION = YES;
				GCC_WARN_ABOUT_RETURN_TYPE = YES_ERROR;
				GCC_WARN_UNDECLARED_SELECTOR = YES;
				GCC_WARN_UNINITIALIZED_AUTOS = YES_AGGRESSIVE;
				GCC_WARN_UNUSED_FUNCTION = YES;
				GCC_WARN_UNUSED_VARIABLE = YES;
				IPHONEOS_DEPLOYMENT_TARGET = 11.2;
				MTL_ENABLE_DEBUG_INFO = YES;
				ONLY_ACTIVE_ARCH = YES;
				SDKROOT = iphoneos;
				SWIFT_ACTIVE_COMPILATION_CONDITIONS = DEBUG;
				SWIFT_OPTIMIZATION_LEVEL = "-Onone";
			};
			name = Debug;
		};
		E7F449A82022630100061E52 /* Release */ = {
			isa = XCBuildConfiguration;
			buildSettings = {
				ALWAYS_SEARCH_USER_PATHS = NO;
				CLANG_ANALYZER_NONNULL = YES;
				CLANG_ANALYZER_NUMBER_OBJECT_CONVERSION = YES_AGGRESSIVE;
				CLANG_CXX_LANGUAGE_STANDARD = "gnu++14";
				CLANG_CXX_LIBRARY = "libc++";
				CLANG_ENABLE_MODULES = YES;
				CLANG_ENABLE_OBJC_ARC = YES;
				CLANG_WARN_BLOCK_CAPTURE_AUTORELEASING = YES;
				CLANG_WARN_BOOL_CONVERSION = YES;
				CLANG_WARN_COMMA = YES;
				CLANG_WARN_CONSTANT_CONVERSION = YES;
				CLANG_WARN_DIRECT_OBJC_ISA_USAGE = YES_ERROR;
				CLANG_WARN_DOCUMENTATION_COMMENTS = YES;
				CLANG_WARN_EMPTY_BODY = YES;
				CLANG_WARN_ENUM_CONVERSION = YES;
				CLANG_WARN_INFINITE_RECURSION = YES;
				CLANG_WARN_INT_CONVERSION = YES;
				CLANG_WARN_NON_LITERAL_NULL_CONVERSION = YES;
				CLANG_WARN_OBJC_LITERAL_CONVERSION = YES;
				CLANG_WARN_OBJC_ROOT_CLASS = YES_ERROR;
				CLANG_WARN_RANGE_LOOP_ANALYSIS = YES;
				CLANG_WARN_STRICT_PROTOTYPES = YES;
				CLANG_WARN_SUSPICIOUS_MOVE = YES;
				CLANG_WARN_UNGUARDED_AVAILABILITY = YES_AGGRESSIVE;
				CLANG_WARN_UNREACHABLE_CODE = YES;
				CLANG_WARN__DUPLICATE_METHOD_MATCH = YES;
				CODE_SIGN_IDENTITY = "iPhone Developer";
				COPY_PHASE_STRIP = NO;
				DEBUG_INFORMATION_FORMAT = "dwarf-with-dsym";
				ENABLE_NS_ASSERTIONS = NO;
				ENABLE_STRICT_OBJC_MSGSEND = YES;
				GCC_C_LANGUAGE_STANDARD = gnu11;
				GCC_NO_COMMON_BLOCKS = YES;
				GCC_WARN_64_TO_32_BIT_CONVERSION = YES;
				GCC_WARN_ABOUT_RETURN_TYPE = YES_ERROR;
				GCC_WARN_UNDECLARED_SELECTOR = YES;
				GCC_WARN_UNINITIALIZED_AUTOS = YES_AGGRESSIVE;
				GCC_WARN_UNUSED_FUNCTION = YES;
				GCC_WARN_UNUSED_VARIABLE = YES;
				IPHONEOS_DEPLOYMENT_TARGET = 11.2;
				MTL_ENABLE_DEBUG_INFO = NO;
				SDKROOT = iphoneos;
				SWIFT_OPTIMIZATION_LEVEL = "-Owholemodule";
				VALIDATE_PRODUCT = YES;
			};
			name = Release;
		};
		E7F449AA2022630100061E52 /* Debug */ = {
			isa = XCBuildConfiguration;
			buildSettings = {
				ASSETCATALOG_COMPILER_APPICON_NAME = AppIcon;
				CODE_SIGN_STYLE = Automatic;
				DEVELOPMENT_TEAM = SXU3FLSZ5B;
				INFOPLIST_FILE = "$(SRCROOT)/WordPressApp/Supporting Files/Info.plist";
				LD_RUNPATH_SEARCH_PATHS = "$(inherited) @executable_path/Frameworks";
				PRODUCT_BUNDLE_IDENTIFIER = steven.taglohner.WordPressApp;
				PRODUCT_NAME = "$(TARGET_NAME)";
				SWIFT_VERSION = 4.0;
				TARGETED_DEVICE_FAMILY = "1,2";
			};
			name = Debug;
		};
		E7F449AB2022630100061E52 /* Release */ = {
			isa = XCBuildConfiguration;
			buildSettings = {
				ASSETCATALOG_COMPILER_APPICON_NAME = AppIcon;
				CODE_SIGN_STYLE = Automatic;
				DEVELOPMENT_TEAM = SXU3FLSZ5B;
				INFOPLIST_FILE = "$(SRCROOT)/WordPressApp/Supporting Files/Info.plist";
				LD_RUNPATH_SEARCH_PATHS = "$(inherited) @executable_path/Frameworks";
				PRODUCT_BUNDLE_IDENTIFIER = steven.taglohner.WordPressApp;
				PRODUCT_NAME = "$(TARGET_NAME)";
				SWIFT_VERSION = 4.0;
				TARGETED_DEVICE_FAMILY = "1,2";
			};
			name = Release;
		};
/* End XCBuildConfiguration section */

/* Begin XCConfigurationList section */
		E7F4498F2022630100061E52 /* Build configuration list for PBXProject "WordPressApp" */ = {
			isa = XCConfigurationList;
			buildConfigurations = (
				E7F449A72022630100061E52 /* Debug */,
				E7F449A82022630100061E52 /* Release */,
			);
			defaultConfigurationIsVisible = 0;
			defaultConfigurationName = Release;
		};
		E7F449A92022630100061E52 /* Build configuration list for PBXNativeTarget "WordPressApp" */ = {
			isa = XCConfigurationList;
			buildConfigurations = (
				E7F449AA2022630100061E52 /* Debug */,
				E7F449AB2022630100061E52 /* Release */,
			);
			defaultConfigurationIsVisible = 0;
			defaultConfigurationName = Release;
		};
/* End XCConfigurationList section */
	};
	rootObject = E7F4498C2022630100061E52 /* Project object */;
}
